{
    "version": 3,
    "terraform_version": "0.11.7",
    "serial": 23,
    "lineage": "75cf54b3-95aa-0a30-d687-f717a5f1eb5b",
    "modules": [
        {
            "path": [
                "root"
            ],
            "outputs": {},
            "resources": {
                "google_compute_firewall.default": {
                    "type": "google_compute_firewall",
                    "depends_on": [
                        "google_compute_network.default"
                    ],
                    "primary": {
                        "id": "test-firewall",
                        "attributes": {
                            "allow.#": "1",
                            "allow.4292324040.ports.#": "2",
                            "allow.4292324040.ports.0": "80",
                            "allow.4292324040.ports.1": "30080",
                            "allow.4292324040.protocol": "tcp",
                            "creation_timestamp": "2018-10-23T02:15:07.632-07:00",
                            "deny.#": "0",
                            "description": "",
                            "destination_ranges.#": "0",
                            "direction": "INGRESS",
                            "disabled": "false",
                            "enable_logging": "false",
                            "id": "test-firewall",
                            "name": "test-firewall",
                            "network": "https://www.googleapis.com/compute/v1/projects/webkube-219004/global/networks/test-network",
                            "priority": "1000",
                            "project": "webkube-219004",
                            "self_link": "https://www.googleapis.com/compute/v1/projects/webkube-219004/global/firewalls/test-firewall",
                            "source_ranges.#": "0",
                            "source_service_accounts.#": "0",
                            "source_tags.#": "1",
                            "source_tags.365508689": "web",
                            "target_service_accounts.#": "0",
                            "target_tags.#": "0"
                        },
                        "meta": {
                            "e2bfb730-ecaa-11e6-8f88-34363bc7c4c0": {
                                "create": 240000000000,
                                "delete": 240000000000,
                                "update": 240000000000
                            },
                            "schema_version": "1"
                        },
                        "tainted": false
                    },
                    "deposed": [],
                    "provider": "provider.google"
                },
                "google_compute_network.default": {
                    "type": "google_compute_network",
                    "depends_on": [],
                    "primary": {
                        "id": "test-network",
                        "attributes": {
                            "auto_create_subnetworks": "true",
                            "description": "",
                            "gateway_ipv4": "",
                            "id": "test-network",
                            "ipv4_range": "",
                            "name": "test-network",
                            "project": "webkube-219004",
                            "routing_mode": "REGIONAL",
                            "self_link": "https://www.googleapis.com/compute/v1/projects/webkube-219004/global/networks/test-network"
                        },
                        "meta": {},
                        "tainted": false
                    },
                    "deposed": [],
                    "provider": "provider.google"
                },
                "google_compute_project_metadata.default": {
                    "type": "google_compute_project_metadata",
                    "depends_on": [],
                    "primary": {
                        "id": "common_metadata",
                        "attributes": {
                            "id": "common_metadata",
                            "metadata.%": "1",
                            "metadata.AuthSshKeys": "nagireddyani:ssh-rsa AAAAB3NzaC1yc2EAAAADAQABAAABAQC64KOUkdfp+yuEABWH2t3Z/p4NdwUSBOQwHhSIfJo8wa4QPon0RY6Fl0bXgykikUCQw+vscbesnvuLulEIpMRdFTpF4lesY+fQ7SFlHmPzVtwTOY2c//HacDOaWwHF+7wFJly795xp7/CHzHk5p3pYbEvfoIbJeBAMSNuTrLwKEC3wO2Wdaa9FvzSs1ENYID4aK/9dOhA+YTXzOP4ozu+qZT/7nLfup9YXRhePRaOacMX+Bv38RlqYISEJYrA9BsQc1zitQaKeVND9OY3jXP01Dg+Znsjxlnh9YP9dSiPbyFVErJlZWYnY3JDSz2lSn5S0pZziZ3p70Hcb1goLRCQr nagireddyani@gmail.com\nssh-rsa AAAAB3NzaC1yc2EAAAADAQABAAABAQDgT61ECDx4RFRBYrcNWmtUfBqSqAXdQuBzVL0nnRznSCIvoOrUCI932Ney8S1XfjP7zYvCZXn3JH3aKFC9OBY24J7vQhuB4rZ6226GU3qZ8781S5Qyc9s6EyQeOSYlFE2/E3SFgb6qp/iQnWlkW0Tl7ii4KEkG+hETtWqBwQbbprSCt6J8VXLpmQ/nDsZxs4ZMx72Veq+xOaRNvyLx43IU96eaopAi+ub1+HBWsHvUkh6zE+77xHTAJ5IOlsO5sCr/FY3QupJpE/ih63Z2FdqPuje8WkHs8+VLSNeQsnJTUVu1t+XiWefiHtx5srEt4B479ZHFG9e+6qZox9a5OqAz test@gmail.com\n",
                            "project": "webkube-219004"
                        },
                        "meta": {},
                        "tainted": false
                    },
                    "deposed": [],
                    "provider": "provider.google"
                },
                "google_container_cluster.primary": {
                    "type": "google_container_cluster",
                    "depends_on": [],
                    "primary": {
                        "id": "jagakubemas",
                        "attributes": {
                            "additional_zones.#": "0",
                            "addons_config.#": "1",
                            "addons_config.0.horizontal_pod_autoscaling.#": "1",
                            "addons_config.0.horizontal_pod_autoscaling.0.disabled": "false",
                            "addons_config.0.http_load_balancing.#": "1",
                            "addons_config.0.http_load_balancing.0.disabled": "false",
                            "addons_config.0.kubernetes_dashboard.#": "1",
                            "addons_config.0.kubernetes_dashboard.0.disabled": "true",
                            "addons_config.0.network_policy_config.#": "1",
                            "addons_config.0.network_policy_config.0.disabled": "true",
                            "cluster_ipv4_cidr": "10.0.0.0/14",
                            "description": "cluster created through terraform",
                            "enable_binary_authorization": "false",
                            "enable_kubernetes_alpha": "false",
                            "enable_legacy_abac": "false",
                            "enable_tpu": "false",
                            "endpoint": "35.200.246.91",
                            "id": "jagakubemas",
                            "initial_node_count": "3",
                            "instance_group_urls.#": "1",
                            "instance_group_urls.0": "https://www.googleapis.com/compute/v1/projects/webkube-219004/zones/asia-south1-a/instanceGroups/gke-jagakubemas-default-pool-3429e468-grp",
                            "ip_allocation_policy.#": "0",
                            "logging_service": "none",
                            "maintenance_policy.#": "0",
                            "master_auth.#": "1",
                            "master_auth.0.client_certificate": "LS0tLS1CRUdJTiBDRVJUSUZJQ0FURS0tLS0tCk1JSUMyekNDQWNPZ0F3SUJBZ0lSQU1xOE44emhtYmp4RUwrRWlmd1daTTB3RFFZSktvWklodmNOQVFFTEJRQXcKTHpFdE1Dc0dBMVVFQXhNa01HWmpabVppT1RNdFlUTTVZeTAwTm1RMUxXRTFNR0l0TkdObVl6SXlOVE14T0RobQpNQjRYRFRFNE1UQXlNekE1TVRReU9Gb1hEVEl6TVRBeU1qQTVNVFF5T0Zvd0VURVBNQTBHQTFVRUF4TUdZMnhwClpXNTBNSUlCSWpBTkJna3Foa2lHOXcwQkFRRUZBQU9DQVE4QU1JSUJDZ0tDQVFFQThUeDZ3NGhONHlJVUtjWUEKSkNTSU1qMlhHdmRBR0ZIZXU2K3Q3cG5iazZTR1hiTmJORExTWm9wRXZiY2U5Sk9DSjZPWi9ZUm9DSXdHTUdGOQo0SS90MEZzSE9CcnJXUDIvN1ZzckMwUEI2MndTekJwZ1JQZERwVWNWbE1XUyt2NHBIampkYU9xUTRvUUxhWDd1Ck1RY1gzeWlOTUx6ZmxpaUtvSFpyMGJCTzlOWVdXQ2drS0Jod0hxTTE0SGx3QTBqRUVLQXJkTXZDcm5HTE5QTC8KQlhNQ3pCeldYSnhIblZJOUNEZGR2YW8zQkgvVUlTRXgrUHZPT2xJQ1VYS0p2ZHhMY0loMjMwOUl6TWcvNzVQZQpnd2hPckdtZnVmemRyQ0xGaklJTVZyY0pWZ2FSK3h3aGZiTy8yNUgrYkFESUpqSHJWTkJlenMvblMzZWJqalZqCitZNGZMUUlEQVFBQm94QXdEakFNQmdOVkhSTUJBZjhFQWpBQU1BMEdDU3FHU0liM0RRRUJDd1VBQTRJQkFRQ3gKNG1FR1hwM3VqTlJqdmR2eWQxczhyeTlTSEFpSmpJS3ljYVpPQ1ltS0UrWTVnb1VaWFExMjVJMnVmZE5RTncyaQpjTWNXa2NCcStUbkhETzMzalVKaXdZNGJnMXA4TWQvMjkvVllQRXptMG1ISGZrQldoVEc2K2JsTXF4S0V3NWJjCkZDYkNEaG9SMXljSmRHM1kweHl1bEZSWWdmWXdWRjlES0dTL2hWYU1mSHZPb21PRUVvUXNaa1YrR2V1NWp3NWEKczk0YXFwSlFmRlh4VWNYUmpPT2IwbGs4NmJJdEkydmM3Ty9EU0NDNjJaWU9TYUJ4L0ZIZ0J4dDFMaDRFekdLSQo0T1pXQ2krTDZRVVhkYkFYeFdjUlZEdEFGZUZOMEwyY2NkQmhmZE45TlhCSXZXKytJQnhTQUZxVjU4QitPYWxxClZCNnZjV2JDcUxvUmw3OEp4WDE1Ci0tLS0tRU5EIENFUlRJRklDQVRFLS0tLS0K",
                            "master_auth.0.client_certificate_config.#": "0",
                            "master_auth.0.client_key": "LS0tLS1CRUdJTiBSU0EgUFJJVkFURSBLRVktLS0tLQpNSUlFcFFJQkFBS0NBUUVBOFR4Nnc0aE40eUlVS2NZQUpDU0lNajJYR3ZkQUdGSGV1Nit0N3BuYms2U0dYYk5iCk5ETFNab3BFdmJjZTlKT0NKNk9aL1lSb0NJd0dNR0Y5NEkvdDBGc0hPQnJyV1AyLzdWc3JDMFBCNjJ3U3pCcGcKUlBkRHBVY1ZsTVdTK3Y0cEhqamRhT3FRNG9RTGFYN3VNUWNYM3lpTk1MemZsaWlLb0hacjBiQk85TllXV0NnawpLQmh3SHFNMTRIbHdBMGpFRUtBcmRNdkNybkdMTlBML0JYTUN6QnpXWEp4SG5WSTlDRGRkdmFvM0JIL1VJU0V4CitQdk9PbElDVVhLSnZkeExjSWgyMzA5SXpNZy83NVBlZ3doT3JHbWZ1ZnpkckNMRmpJSU1WcmNKVmdhUit4d2gKZmJPLzI1SCtiQURJSmpIclZOQmV6cy9uUzNlYmpqVmorWTRmTFFJREFRQUJBb0lCQUFKR25MeFRLN1FNc0tVQgp6TTM4UTFzZGliN0s0Wk5xOEJhYlVCTHM1Nm5udjV6OHpIWk9OMU5nYjFjSGhHYStucDhBVmRlOW12d1lVdmtSClVZQVZJTnhJWjVCTy9udTlEZjVQcFVNbE9LcG1vc2R0MDVzNzJHUHE4a0xseEVYdld4OWxDUEZDRHBZeDBOTGIKZHQxNFVtSXFUSnNrRENDZEkyazRyM01vZXJWU3MwTFZ1Z1B2eHBqNmxNMW9yVTVydXlScEJTRGFTdkZjYTEvcApCMmFPbGl5T2s5VmVjcmdyTUhzYjljNGpEZmVtWEV6MDljOXN1WjdHYjJ6YW9vR2RaRFo5WU5hMTRjUnlJUDRBCklTd2ZzR1dlOHJSaS9KR0JmdnVkNEVGc04ybnhqWlcxdHBEd043S3A4OHBNdnZPWWl6WGlpMzJ0dTVTRU9mQ0MKcnpuL1BSRUNnWUVBL3ZTVFpsWHRMR2pIa3V5TmFTMjdpU3Z1V1pXcCs3V3NHK2tPNU5KakxNSlQxVnJQakdkRwptb2dtTXZ1U3RjQ3UxMFNSeVpHSEFtWjR5K3F3RXhZS2xKTEJha3JJN2VkTVdET2xNUHJUbTFEUndWRE0reXRxCjZQL05iZ0xQWUExRi80QU5WV0dWZjd6U1hEampGb3lhM0FRTXVrdjlFTzl5cnI0bXBQaVFUQVVDZ1lFQThqbUQKZ1ZqNzNUM2tkOTlSNHdCR2xiZzFiVU5wV3VpL3l5QXp5ejJnSVVwZGlKQU1hYldRemxYVncwWU1neWlWUlFGbApIQnJkWDBEaDhJOUVHTmFPdTJhdExEM1R5czdrWFVXTi9tdXJxZEk4MldzdG1tUkNoeTlaVTVyKzVKYXRUcFVGCkVWcmtDdVR5N1J1alZEUlZQSXU2NkNtR2hYaEhLemEyNmlhN0Z3a0NnWUVBMSt1c05kd0p2RFdVNThKODFKbk4KbkpOZkRmR3BmeXBSODJWQ250bnE4Z28xMDVoUDgvbTNHc0s1ankzdUJ3MkRSWDZsOVU3UlIyQWZaNXQvdVBwTwp4WnN3UU9QTEhXaHBDTDNjWmduWFVrOTFCVUo0QnpPekhGY2YxTTUrY0R0dGo4QVVDcjVWVFZSTjE1cTUvK3ZlCmJ2empCcGU2WURCYU1OR0xpdVdUMXowQ2dZRUE0cHplSkNnYzBscHlJWmZEWTIxQm5CYlBuUjVoTlpUa3dtT3AKTVM3QlhnUFZ4OHFFWW0xa1FUWGFuQ3N2ejVFclBYalZvRnFkMnR5M3hMZzBERXpIRWhvNFQxaTBpVnZRR0ZiWApSanh6U0ppUkp4TjNnYWJrK3RaWWFyaHFXVytDU2k5dW8xTDJZQjdjQ3VvOWZxekxSYTZ3T1QySVJkeEdNTzZxCmFCdStFd2tDZ1lFQTdCWXM5cVRiaGh4aVFvdUFCSDNtMlRwVFRXZllscDN4cnlIV0ZnOHZkdTdDUlo4d09hVWwKMklpcjF3MXdGOG9aRmxXS3dZM2pRbTVyK0x1NzZlMVkrRmg4N3dwQlBkMDZMdUFCUU5WUFE5eHpNUGQ5QzREMApUbXEvbmY0L2EyVVlaOTBLbWlsNnFJZitEU3c4UzlNNW1abXd2aUxjNFZ5ZXBkZTRTYTV0ejFvPQotLS0tLUVORCBSU0EgUFJJVkFURSBLRVktLS0tLQo=",
                            "master_auth.0.cluster_ca_certificate": "LS0tLS1CRUdJTiBDRVJUSUZJQ0FURS0tLS0tCk1JSURDekNDQWZPZ0F3SUJBZ0lRUElMenYyZXlEYU5zRmxCb1RtTVV2VEFOQmdrcWhraUc5dzBCQVFzRkFEQXYKTVMwd0t3WURWUVFERXlRd1ptTm1abUk1TXkxaE16bGpMVFEyWkRVdFlUVXdZaTAwWTJaak1qSTFNekU0T0dZdwpIaGNOTVRneE1ESXpNRGd4TkRJNFdoY05Nak14TURJeU1Ea3hOREk0V2pBdk1TMHdLd1lEVlFRREV5UXdabU5tClptSTVNeTFoTXpsakxUUTJaRFV0WVRVd1lpMDBZMlpqTWpJMU16RTRPR1l3Z2dFaU1BMEdDU3FHU0liM0RRRUIKQVFVQUE0SUJEd0F3Z2dFS0FvSUJBUUN6cHZuNDFOTUJ2all3a3lBQlQ1dzlONGMzTVZJUFJmbHZuc0NhQ2I2agpERW9ESEFUdkNMczU1elMvK0ZCSmJHZExGV0JzM3dFdlErVndnVVJPZCtXT3JKaUpxTmtJOXp5ck1JS0x4WUhUCldlQklCWnF0WWxRWUJ5a1BoTFpJb0VPOHgvQ3IvR3N2OXhvT2ZobUFlRnBDUmh5cnRuOTVURDZ5cUg2SzF2TG4KRElmVGU5Skh5bnBKbFIrcTNlK2xkUm9pUDZDSUx1Q2J3QkZURTZFOXZvL1VTK3RkZ1pqS1J6K0lzQjEwOHRaRwpWREl2cXlJUUYwYWN4QmJKYmVGMFIxdjhPcG5XUE1naUd1V3pVUVNpcVRUUjV3bnFlTDFJU0x1NHN5L0hlSkxPCld6SnJ1YjNxNmdNb3JrTFRRRVlMN1grTy8vRWVpbzBRZ3V4bk10d2ljTFN6QWdNQkFBR2pJekFoTUE0R0ExVWQKRHdFQi93UUVBd0lDQkRBUEJnTlZIUk1CQWY4RUJUQURBUUgvTUEwR0NTcUdTSWIzRFFFQkN3VUFBNElCQVFBRwpGb3F1N2ZSNVFRRmNjcGZCRnBaNWVONjhsSTlHZFhQZVBuUXc2TDlJRDBST21WZ2RISlBDa0E5Y2N4Tit6VDZSClMzVEw0TEdwR1YrZlJRc2RPSVhxMDlVU0ZaOWNOc0Z6YlhlTzhhbkx6L1JzSHkwQ1ZpOWl4VlRBUy96ZGJCQjkKZTE3TU5JY0Yrc3dueDlUa3lEa2V4OGVTQ2pzRDJKaGNPNFdSWldBRmx4RTdwdnRhMHRFcTF2RHpoNjJ4akhSRgpwOVA4WG1CZ1pXSEI5NEp3bmpXYjdpVW05eFhFUGpvTG1vdEI5NXV1VGxmK0ErZjBGeUc5ZjRDenYyb0xiM1lFCi80czM2czQ3ZFBnbEFOWmZMQU9raG00KzE2Wmx1SjJRdkFIZU5zSk0xcmhnSDJlVVg2VzQzSEFaVjBUc1hOUGIKMHk0M01nTXJEbGtPSURLMjZlRW8KLS0tLS1FTkQgQ0VSVElGSUNBVEUtLS0tLQo=",
                            "master_auth.0.password": "Nagireddy@-k8sadm",
                            "master_auth.0.username": "k8sadm",
                            "master_authorized_networks_config.#": "0",
                            "master_ipv4_cidr_block": "",
                            "master_version": "1.10.7-gke.6",
                            "min_master_version": "latest",
                            "monitoring_service": "none",
                            "name": "jagakubemas",
                            "network": "projects/webkube-219004/global/networks/default",
                            "network_policy.#": "1",
                            "network_policy.0.enabled": "false",
                            "network_policy.0.provider": "PROVIDER_UNSPECIFIED",
                            "node_config.#": "1",
                            "node_config.0.disk_size_gb": "10",
                            "node_config.0.disk_type": "pd-standard",
                            "node_config.0.guest_accelerator.#": "0",
                            "node_config.0.image_type": "COS",
                            "node_config.0.labels.%": "0",
                            "node_config.0.local_ssd_count": "0",
                            "node_config.0.machine_type": "n1-standard-1",
                            "node_config.0.metadata.%": "2",
                            "node_config.0.metadata.env": "stg",
                            "node_config.0.metadata.region": "as",
                            "node_config.0.min_cpu_platform": "",
                            "node_config.0.oauth_scopes.#": "4",
                            "node_config.0.oauth_scopes.1277378754": "https://www.googleapis.com/auth/monitoring",
                            "node_config.0.oauth_scopes.1632638332": "https://www.googleapis.com/auth/devstorage.read_only",
                            "node_config.0.oauth_scopes.172152165": "https://www.googleapis.com/auth/logging.write",
                            "node_config.0.oauth_scopes.299962681": "https://www.googleapis.com/auth/compute",
                            "node_config.0.preemptible": "false",
                            "node_config.0.service_account": "autoscript@webkube-219004.iam.gserviceaccount.com",
                            "node_config.0.tags.#": "0",
                            "node_config.0.taint.#": "0",
                            "node_config.0.workload_metadata_config.#": "0",
                            "node_pool.#": "1",
                            "node_pool.0.autoscaling.#": "0",
                            "node_pool.0.initial_node_count": "3",
                            "node_pool.0.instance_group_urls.#": "1",
                            "node_pool.0.instance_group_urls.0": "https://www.googleapis.com/compute/v1/projects/webkube-219004/zones/asia-south1-a/instanceGroupManagers/gke-jagakubemas-default-pool-3429e468-grp",
                            "node_pool.0.management.#": "1",
                            "node_pool.0.management.0.auto_repair": "false",
                            "node_pool.0.management.0.auto_upgrade": "false",
                            "node_pool.0.max_pods_per_node": "0",
                            "node_pool.0.name": "default-pool",
                            "node_pool.0.name_prefix": "",
                            "node_pool.0.node_config.#": "1",
                            "node_pool.0.node_config.0.disk_size_gb": "10",
                            "node_pool.0.node_config.0.disk_type": "pd-standard",
                            "node_pool.0.node_config.0.guest_accelerator.#": "0",
                            "node_pool.0.node_config.0.image_type": "COS",
                            "node_pool.0.node_config.0.labels.%": "0",
                            "node_pool.0.node_config.0.local_ssd_count": "0",
                            "node_pool.0.node_config.0.machine_type": "n1-standard-1",
                            "node_pool.0.node_config.0.metadata.%": "2",
                            "node_pool.0.node_config.0.metadata.env": "stg",
                            "node_pool.0.node_config.0.metadata.region": "as",
                            "node_pool.0.node_config.0.min_cpu_platform": "",
                            "node_pool.0.node_config.0.oauth_scopes.#": "4",
                            "node_pool.0.node_config.0.oauth_scopes.1277378754": "https://www.googleapis.com/auth/monitoring",
                            "node_pool.0.node_config.0.oauth_scopes.1632638332": "https://www.googleapis.com/auth/devstorage.read_only",
                            "node_pool.0.node_config.0.oauth_scopes.172152165": "https://www.googleapis.com/auth/logging.write",
                            "node_pool.0.node_config.0.oauth_scopes.299962681": "https://www.googleapis.com/auth/compute",
                            "node_pool.0.node_config.0.preemptible": "false",
                            "node_pool.0.node_config.0.service_account": "autoscript@webkube-219004.iam.gserviceaccount.com",
                            "node_pool.0.node_config.0.tags.#": "0",
                            "node_pool.0.node_config.0.taint.#": "0",
                            "node_pool.0.node_config.0.workload_metadata_config.#": "0",
                            "node_pool.0.node_count": "3",
                            "node_pool.0.version": "1.10.7-gke.6",
                            "node_version": "1.10.7-gke.6",
                            "pod_security_policy_config.#": "0",
                            "private_cluster": "false",
                            "project": "webkube-219004",
                            "resource_labels.%": "0",
                            "subnetwork": "projects/webkube-219004/regions/asia-south1/subnetworks/default",
                            "zone": "asia-south1-a"
                        },
                        "meta": {
                            "e2bfb730-ecaa-11e6-8f88-34363bc7c4c0": {
                                "create": 1200000000000,
                                "delete": 600000000000,
                                "update": 600000000000
                            },
                            "schema_version": "1"
                        },
                        "tainted": false
                    },
                    "deposed": [],
                    "provider": "provider.google"
                }
            },
            "depends_on": []
        }
    ]
}
